
Microsoft Visual Studio Solution File, Format Version 12.00
# Visual Studio 15
VisualStudioVersion = 15.0.28307.329
MinimumVisualStudioVersion = 10.0.40219.1
Project("{9A19103F-16F7-4668-BE54-9A1E7A4F7556}") = "RoverChallenge", "RoverChallenge\RoverChallenge.csproj", "{C62C4EBF-2E17-44CA-8E4D-60D05E302DD8}"
EndProject
Project("{FAE04EC0-301F-11D3-BF4B-00C04F79EFBC}") = "RoverChallengeTests", "RoverChallengeTests\RoverChallengeTests.csproj", "{65AF3CE8-FD95-4C52-A733-E6AF074F0711}"
EndProject
Global
	GlobalSection(SolutionConfigurationPlatforms) = preSolution
		Debug|Any CPU = Debug|Any CPU
		Release|Any CPU = Release|Any CPU
	EndGlobalSection
	GlobalSection(ProjectConfigurationPlatforms) = postSolution
		{C62C4EBF-2E17-44CA-8E4D-60D05E302DD8}.Debug|Any CPU.ActiveCfg = Debug|Any CPU
		{C62C4EBF-2E17-44CA-8E4D-60D05E302DD8}.Debug|Any CPU.Build.0 = Debug|Any CPU
		{C62C4EBF-2E17-44CA-8E4D-60D05E302DD8}.Release|Any CPU.ActiveCfg = Release|Any CPU
		{C62C4EBF-2E17-44CA-8E4D-60D05E302DD8}.Release|Any CPU.Build.0 = Release|Any CPU
		{65AF3CE8-FD95-4C52-A733-E6AF074F0711}.Debug|Any CPU.ActiveCfg = Debug|Any CPU
		{65AF3CE8-FD95-4C52-A733-E6AF074F0711}.Debug|Any CPU.Build.0 = Debug|Any CPU
		{65AF3CE8-FD95-4C52-A733-E6AF074F0711}.Release|Any CPU.ActiveCfg = Release|Any CPU
		{65AF3CE8-FD95-4C52-A733-E6AF074F0711}.Release|Any CPU.Build.0 = Release|Any CPU
	EndGlobalSection
	GlobalSection(SolutionProperties) = preSolution
		HideSolutionNode = FALSE
	EndGlobalSection
	GlobalSection(ExtensibilityGlobals) = postSolution
		SolutionGuid = {C2D94D4D-DCBF-4EED-A080-18E0EBDE1BD9}
	EndGlobalSection
EndGlobal
